
Microsoft Visual Studio Solution File, Format Version 12.00
# Visual Studio 14
VisualStudioVersion = 14.0.23107.0
MinimumVisualStudioVersion = 10.0.40219.1
Project("{FAE04EC0-301F-11D3-BF4B-00C04F79EFBC}") = "gallerysite", "gallerysite\gallerysite.csproj", "{7EF4DD9C-4B2E-410E-BBD4-621AC58A7569}"
EndProject
Project("{FAE04EC0-301F-11D3-BF4B-00C04F79EFBC}") = "JakeBladt.GalleryTools.DAC", "JakeBladt.GalleryTools.DAC\JakeBladt.GalleryTools.DAC.csproj", "{1A2942D0-92DA-405E-BDBE-156777B2AF7A}"
EndProject
Project("{FAE04EC0-301F-11D3-BF4B-00C04F79EFBC}") = "JakeBladt.GalleryTools.Repositories", "JakeBladt.GalleryTools.Repositories\JakeBladt.GalleryTools.Repositories.csproj", "{11F02FFE-B430-4585-A59C-BDBA52800F91}"
EndProject
Global
	GlobalSection(SolutionConfigurationPlatforms) = preSolution
		Debug|Any CPU = Debug|Any CPU
		Release|Any CPU = Release|Any CPU
	EndGlobalSection
	GlobalSection(ProjectConfigurationPlatforms) = postSolution
		{7EF4DD9C-4B2E-410E-BBD4-621AC58A7569}.Debug|Any CPU.ActiveCfg = Debug|Any CPU
		{7EF4DD9C-4B2E-410E-BBD4-621AC58A7569}.Debug|Any CPU.Build.0 = Debug|Any CPU
		{7EF4DD9C-4B2E-410E-BBD4-621AC58A7569}.Release|Any CPU.ActiveCfg = Release|Any CPU
		{7EF4DD9C-4B2E-410E-BBD4-621AC58A7569}.Release|Any CPU.Build.0 = Release|Any CPU
		{1A2942D0-92DA-405E-BDBE-156777B2AF7A}.Debug|Any CPU.ActiveCfg = Debug|Any CPU
		{1A2942D0-92DA-405E-BDBE-156777B2AF7A}.Debug|Any CPU.Build.0 = Debug|Any CPU
		{1A2942D0-92DA-405E-BDBE-156777B2AF7A}.Release|Any CPU.ActiveCfg = Release|Any CPU
		{1A2942D0-92DA-405E-BDBE-156777B2AF7A}.Release|Any CPU.Build.0 = Release|Any CPU
		{11F02FFE-B430-4585-A59C-BDBA52800F91}.Debug|Any CPU.ActiveCfg = Debug|Any CPU
		{11F02FFE-B430-4585-A59C-BDBA52800F91}.Debug|Any CPU.Build.0 = Debug|Any CPU
		{11F02FFE-B430-4585-A59C-BDBA52800F91}.Release|Any CPU.ActiveCfg = Release|Any CPU
		{11F02FFE-B430-4585-A59C-BDBA52800F91}.Release|Any CPU.Build.0 = Release|Any CPU
	EndGlobalSection
	GlobalSection(SolutionProperties) = preSolution
		HideSolutionNode = FALSE
	EndGlobalSection
EndGlobal
